
Microsoft Visual Studio Solution File, Format Version 12.00
# Visual Studio Version 17
VisualStudioVersion = 17.14.36414.22
MinimumVisualStudioVersion = 10.0.40219.1
Project("{FAE04EC0-301F-11D3-BF4B-00C04F79EFBC}") = "CANBootloaderConsole", "app\CANBootloaderConsole.csproj", "{7E84FF3E-21F2-40F8-9F80-9E6001FF634D}"
EndProject
Project("{FAE04EC0-301F-11D3-BF4B-00C04F79EFBC}") = "FirmwareBackendApi", "backend\FirmwareBackendApi\FirmwareBackendApi.csproj", "{FA107CFF-5D3B-46D1-8D26-8ADBEB6E56E3}"
EndProject
Global
	GlobalSection(SolutionConfigurationPlatforms) = preSolution
		Debug|Any CPU = Debug|Any CPU
		Debug|x64 = Debug|x64
		Debug|x86 = Debug|x86
		Release|Any CPU = Release|Any CPU
		Release|x64 = Release|x64
		Release|x86 = Release|x86
	EndGlobalSection
	GlobalSection(ProjectConfigurationPlatforms) = postSolution
		{7E84FF3E-21F2-40F8-9F80-9E6001FF634D}.Debug|Any CPU.ActiveCfg = Debug|Any CPU
		{7E84FF3E-21F2-40F8-9F80-9E6001FF634D}.Debug|Any CPU.Build.0 = Debug|Any CPU
		{7E84FF3E-21F2-40F8-9F80-9E6001FF634D}.Debug|x64.ActiveCfg = Debug|Any CPU
		{7E84FF3E-21F2-40F8-9F80-9E6001FF634D}.Debug|x64.Build.0 = Debug|Any CPU
		{7E84FF3E-21F2-40F8-9F80-9E6001FF634D}.Debug|x86.ActiveCfg = Debug|Any CPU
		{7E84FF3E-21F2-40F8-9F80-9E6001FF634D}.Debug|x86.Build.0 = Debug|Any CPU
		{7E84FF3E-21F2-40F8-9F80-9E6001FF634D}.Release|Any CPU.ActiveCfg = Release|Any CPU
		{7E84FF3E-21F2-40F8-9F80-9E6001FF634D}.Release|Any CPU.Build.0 = Release|Any CPU
		{7E84FF3E-21F2-40F8-9F80-9E6001FF634D}.Release|x64.ActiveCfg = Release|Any CPU
		{7E84FF3E-21F2-40F8-9F80-9E6001FF634D}.Release|x64.Build.0 = Release|Any CPU
		{7E84FF3E-21F2-40F8-9F80-9E6001FF634D}.Release|x86.ActiveCfg = Release|Any CPU
		{7E84FF3E-21F2-40F8-9F80-9E6001FF634D}.Release|x86.Build.0 = Release|Any CPU
		{FA107CFF-5D3B-46D1-8D26-8ADBEB6E56E3}.Debug|Any CPU.ActiveCfg = Debug|Any CPU
		{FA107CFF-5D3B-46D1-8D26-8ADBEB6E56E3}.Debug|Any CPU.Build.0 = Debug|Any CPU
		{FA107CFF-5D3B-46D1-8D26-8ADBEB6E56E3}.Debug|x64.ActiveCfg = Debug|Any CPU
		{FA107CFF-5D3B-46D1-8D26-8ADBEB6E56E3}.Debug|x64.Build.0 = Debug|Any CPU
		{FA107CFF-5D3B-46D1-8D26-8ADBEB6E56E3}.Debug|x86.ActiveCfg = Debug|Any CPU
		{FA107CFF-5D3B-46D1-8D26-8ADBEB6E56E3}.Debug|x86.Build.0 = Debug|Any CPU
		{FA107CFF-5D3B-46D1-8D26-8ADBEB6E56E3}.Release|Any CPU.ActiveCfg = Release|Any CPU
		{FA107CFF-5D3B-46D1-8D26-8ADBEB6E56E3}.Release|Any CPU.Build.0 = Release|Any CPU
		{FA107CFF-5D3B-46D1-8D26-8ADBEB6E56E3}.Release|x64.ActiveCfg = Release|Any CPU
		{FA107CFF-5D3B-46D1-8D26-8ADBEB6E56E3}.Release|x64.Build.0 = Release|Any CPU
		{FA107CFF-5D3B-46D1-8D26-8ADBEB6E56E3}.Release|x86.ActiveCfg = Release|Any CPU
		{FA107CFF-5D3B-46D1-8D26-8ADBEB6E56E3}.Release|x86.Build.0 = Release|Any CPU
	EndGlobalSection
	GlobalSection(SolutionProperties) = preSolution
		HideSolutionNode = FALSE
	EndGlobalSection
	GlobalSection(ExtensibilityGlobals) = postSolution
		SolutionGuid = {E74A5DBF-95CF-4232-A60C-03877EF23667}
	EndGlobalSection
EndGlobal
